
Microsoft Visual Studio Solution File, Format Version 12.00
# Visual Studio Version 17
VisualStudioVersion = 17.4.33205.214
MinimumVisualStudioVersion = 10.0.40219.1
Project("{FAE04EC0-301F-11D3-BF4B-00C04F79EFBC}") = "MvcMovie", "MvcMovie\MvcMovie.csproj", "{BAB21B0F-090D-415E-9EED-4A2B22CF710E}"
EndProject
Global
	GlobalSection(SolutionConfigurationPlatforms) = preSolution
		Debug|Any CPU = Debug|Any CPU
		Release|Any CPU = Release|Any CPU
	EndGlobalSection
	GlobalSection(ProjectConfigurationPlatforms) = postSolution
		{BAB21B0F-090D-415E-9EED-4A2B22CF710E}.Debug|Any CPU.ActiveCfg = Debug|Any CPU
		{BAB21B0F-090D-415E-9EED-4A2B22CF710E}.Debug|Any CPU.Build.0 = Debug|Any CPU
		{BAB21B0F-090D-415E-9EED-4A2B22CF710E}.Release|Any CPU.ActiveCfg = Release|Any CPU
		{BAB21B0F-090D-415E-9EED-4A2B22CF710E}.Release|Any CPU.Build.0 = Release|Any CPU
	EndGlobalSection
	GlobalSection(SolutionProperties) = preSolution
		HideSolutionNode = FALSE
	EndGlobalSection
	GlobalSection(ExtensibilityGlobals) = postSolution
		SolutionGuid = {5E34BA52-7C99-45E6-AF57-8D0EF2F53B30}
	EndGlobalSection
EndGlobal
